
Microsoft Visual Studio Solution File, Format Version 12.00
# Visual Studio Version 16
VisualStudioVersion = 16.0.32802.440
MinimumVisualStudioVersion = 10.0.40219.1
Project("{8BC9CEB8-8B4A-11D0-8D11-00A0C91BC942}") = "ЛР 6.4.1 (Циклы2) №5", "ЛР 6.4.1 (Циклы2) №5\ЛР 6.4.1 (Циклы2) №5.vcxproj", "{EBD619D2-7BA9-4C60-94B8-0F11CACDB7BA}"
EndProject
Global
	GlobalSection(SolutionConfigurationPlatforms) = preSolution
		Debug|x64 = Debug|x64
		Debug|x86 = Debug|x86
		Release|x64 = Release|x64
		Release|x86 = Release|x86
	EndGlobalSection
	GlobalSection(ProjectConfigurationPlatforms) = postSolution
		{EBD619D2-7BA9-4C60-94B8-0F11CACDB7BA}.Debug|x64.ActiveCfg = Debug|x64
		{EBD619D2-7BA9-4C60-94B8-0F11CACDB7BA}.Debug|x64.Build.0 = Debug|x64
		{EBD619D2-7BA9-4C60-94B8-0F11CACDB7BA}.Debug|x86.ActiveCfg = Debug|Win32
		{EBD619D2-7BA9-4C60-94B8-0F11CACDB7BA}.Debug|x86.Build.0 = Debug|Win32
		{EBD619D2-7BA9-4C60-94B8-0F11CACDB7BA}.Release|x64.ActiveCfg = Release|x64
		{EBD619D2-7BA9-4C60-94B8-0F11CACDB7BA}.Release|x64.Build.0 = Release|x64
		{EBD619D2-7BA9-4C60-94B8-0F11CACDB7BA}.Release|x86.ActiveCfg = Release|Win32
		{EBD619D2-7BA9-4C60-94B8-0F11CACDB7BA}.Release|x86.Build.0 = Release|Win32
	EndGlobalSection
	GlobalSection(SolutionProperties) = preSolution
		HideSolutionNode = FALSE
	EndGlobalSection
	GlobalSection(ExtensibilityGlobals) = postSolution
		SolutionGuid = {B3C8824E-443E-48F7-A8A8-EBA12A048438}
	EndGlobalSection
EndGlobal
